
Microsoft Visual Studio Solution File, Format Version 12.00
# Visual Studio Version 17
VisualStudioVersion = 17.5.33502.453
MinimumVisualStudioVersion = 10.0.40219.1
Project("{FAE04EC0-301F-11D3-BF4B-00C04F79EFBC}") = "frontendpbo", "frontendpbo\frontendpbo.csproj", "{14CF98D3-DE5B-49BA-9F7F-518D9DF7D4BC}"
EndProject
Global
	GlobalSection(SolutionConfigurationPlatforms) = preSolution
		Debug|Any CPU = Debug|Any CPU
		Release|Any CPU = Release|Any CPU
	EndGlobalSection
	GlobalSection(ProjectConfigurationPlatforms) = postSolution
		{14CF98D3-DE5B-49BA-9F7F-518D9DF7D4BC}.Debug|Any CPU.ActiveCfg = Debug|Any CPU
		{14CF98D3-DE5B-49BA-9F7F-518D9DF7D4BC}.Debug|Any CPU.Build.0 = Debug|Any CPU
		{14CF98D3-DE5B-49BA-9F7F-518D9DF7D4BC}.Release|Any CPU.ActiveCfg = Release|Any CPU
		{14CF98D3-DE5B-49BA-9F7F-518D9DF7D4BC}.Release|Any CPU.Build.0 = Release|Any CPU
	EndGlobalSection
	GlobalSection(SolutionProperties) = preSolution
		HideSolutionNode = FALSE
	EndGlobalSection
	GlobalSection(ExtensibilityGlobals) = postSolution
		SolutionGuid = {D50A584A-E6A6-4204-9D9D-B18D86A12B24}
	EndGlobalSection
EndGlobal
